// !$*UTF8*$!
{
	archiveVersion = 1;
	classes = {
	};
	objectVersion = 50;
	objects = {

/* Begin PBXBuildFile section */
		89680DE6269D6B2E000EF2B3 /* Reusable_framework.h in Headers */ = {isa = PBXBuildFile; fileRef = 89680DE4269D6B2E000EF2B3 /* Reusable_framework.h */; settings = {ATTRIBUTES = (Public, ); }; };
		89F7206C269E82F900069875 /* UIView+extension.swift in Sources */ = {isa = PBXBuildFile; fileRef = 89F7206B269E82F900069875 /* UIView+extension.swift */; };
		89F72097269E8B0A00069875 /* Bundle+Extension.swift in Sources */ = {isa = PBXBuildFile; fileRef = 89F72096269E8B0900069875 /* Bundle+Extension.swift */; };
		89F7209A269E8B2500069875 /* UITextField+extension.swift in Sources */ = {isa = PBXBuildFile; fileRef = 89F72099269E8B2500069875 /* UITextField+extension.swift */; };
		89F7209D269E8B3900069875 /* String+Extension.swift in Sources */ = {isa = PBXBuildFile; fileRef = 89F7209C269E8B3900069875 /* String+Extension.swift */; };
		89F720A0269E8B6200069875 /* UIImage+extension.swift in Sources */ = {isa = PBXBuildFile; fileRef = 89F7209F269E8B6200069875 /* UIImage+extension.swift */; };
		89F720A3269E8B7300069875 /* UIStackview+Extension.swift in Sources */ = {isa = PBXBuildFile; fileRef = 89F720A2269E8B7300069875 /* UIStackview+Extension.swift */; };
		89F720A6269E8B8400069875 /* Int+Extension.swift in Sources */ = {isa = PBXBuildFile; fileRef = 89F720A5269E8B8400069875 /* Int+Extension.swift */; };
		89F720A9269E8B9000069875 /* UITextView+extension.swift in Sources */ = {isa = PBXBuildFile; fileRef = 89F720A8269E8B9000069875 /* UITextView+extension.swift */; };
		89F720AC269E8BAA00069875 /* Date+extention.swift in Sources */ = {isa = PBXBuildFile; fileRef = 89F720AB269E8BAA00069875 /* Date+extention.swift */; };
		89F720AF269E8C7700069875 /* StoryboardBased.swift in Sources */ = {isa = PBXBuildFile; fileRef = 89F720AE269E8C7700069875 /* StoryboardBased.swift */; };
		89F720B2269E8CB000069875 /* UICollectionView+Reusable.swift in Sources */ = {isa = PBXBuildFile; fileRef = 89F720B1269E8CB000069875 /* UICollectionView+Reusable.swift */; };
		89F720B5269E8CCE00069875 /* UITableView+Reusable.swift in Sources */ = {isa = PBXBuildFile; fileRef = 89F720B4269E8CCE00069875 /* UITableView+Reusable.swift */; };
		89F720B8269E8CE100069875 /* NibLoadable.swift in Sources */ = {isa = PBXBuildFile; fileRef = 89F720B7269E8CE100069875 /* NibLoadable.swift */; };
		89F720BB269E8EFF00069875 /* Reusable.swift in Sources */ = {isa = PBXBuildFile; fileRef = 89F720BA269E8EFF00069875 /* Reusable.swift */; };
		89F720C1269E90D300069875 /* Color+Extension.swift in Sources */ = {isa = PBXBuildFile; fileRef = 89F720C0269E90D300069875 /* Color+Extension.swift */; };
/* End PBXBuildFile section */

/* Begin PBXFileReference section */
		89680DE1269D6B2E000EF2B3 /* Reusable_framework.framework */ = {isa = PBXFileReference; explicitFileType = wrapper.framework; includeInIndex = 0; path = Reusable_framework.framework; sourceTree = BUILT_PRODUCTS_DIR; };
		89680DE4269D6B2E000EF2B3 /* Reusable_framework.h */ = {isa = PBXFileReference; lastKnownFileType = sourcecode.c.h; path = Reusable_framework.h; sourceTree = "<group>"; };
		89680DE5269D6B2E000EF2B3 /* Info.plist */ = {isa = PBXFileReference; lastKnownFileType = text.plist.xml; path = Info.plist; sourceTree = "<group>"; };
		89F7206B269E82F900069875 /* UIView+extension.swift */ = {isa = PBXFileReference; lastKnownFileType = sourcecode.swift; path = "UIView+extension.swift"; sourceTree = "<group>"; };
		89F72096269E8B0900069875 /* Bundle+Extension.swift */ = {isa = PBXFileReference; fileEncoding = 4; lastKnownFileType = sourcecode.swift; path = "Bundle+Extension.swift"; sourceTree = "<group>"; };
		89F72099269E8B2500069875 /* UITextField+extension.swift */ = {isa = PBXFileReference; fileEncoding = 4; lastKnownFileType = sourcecode.swift; path = "UITextField+extension.swift"; sourceTree = "<group>"; };
		89F7209C269E8B3900069875 /* String+Extension.swift */ = {isa = PBXFileReference; fileEncoding = 4; lastKnownFileType = sourcecode.swift; path = "String+Extension.swift"; sourceTree = "<group>"; };
		89F7209F269E8B6200069875 /* UIImage+extension.swift */ = {isa = PBXFileReference; fileEncoding = 4; lastKnownFileType = sourcecode.swift; path = "UIImage+extension.swift"; sourceTree = "<group>"; };
		89F720A2269E8B7300069875 /* UIStackview+Extension.swift */ = {isa = PBXFileReference; fileEncoding = 4; lastKnownFileType = sourcecode.swift; path = "UIStackview+Extension.swift"; sourceTree = "<group>"; };
		89F720A5269E8B8400069875 /* Int+Extension.swift */ = {isa = PBXFileReference; fileEncoding = 4; lastKnownFileType = sourcecode.swift; path = "Int+Extension.swift"; sourceTree = "<group>"; };
		89F720A8269E8B9000069875 /* UITextView+extension.swift */ = {isa = PBXFileReference; fileEncoding = 4; lastKnownFileType = sourcecode.swift; path = "UITextView+extension.swift"; sourceTree = "<group>"; };
		89F720AB269E8BAA00069875 /* Date+extention.swift */ = {isa = PBXFileReference; fileEncoding = 4; lastKnownFileType = sourcecode.swift; path = "Date+extention.swift"; sourceTree = "<group>"; };
		89F720AE269E8C7700069875 /* StoryboardBased.swift */ = {isa = PBXFileReference; fileEncoding = 4; lastKnownFileType = sourcecode.swift; path = StoryboardBased.swift; sourceTree = "<group>"; };
		89F720B1269E8CB000069875 /* UICollectionView+Reusable.swift */ = {isa = PBXFileReference; fileEncoding = 4; lastKnownFileType = sourcecode.swift; path = "UICollectionView+Reusable.swift"; sourceTree = "<group>"; };
		89F720B4269E8CCE00069875 /* UITableView+Reusable.swift */ = {isa = PBXFileReference; fileEncoding = 4; lastKnownFileType = sourcecode.swift; path = "UITableView+Reusable.swift"; sourceTree = "<group>"; };
		89F720B7269E8CE100069875 /* NibLoadable.swift */ = {isa = PBXFileReference; fileEncoding = 4; lastKnownFileType = sourcecode.swift; path = NibLoadable.swift; sourceTree = "<group>"; };
		89F720BA269E8EFF00069875 /* Reusable.swift */ = {isa = PBXFileReference; fileEncoding = 4; lastKnownFileType = sourcecode.swift; path = Reusable.swift; sourceTree = "<group>"; };
		89F720C0269E90D300069875 /* Color+Extension.swift */ = {isa = PBXFileReference; lastKnownFileType = sourcecode.swift; path = "Color+Extension.swift"; sourceTree = "<group>"; };
/* End PBXFileReference section */

/* Begin PBXFrameworksBuildPhase section */
		89680DDE269D6B2E000EF2B3 /* Frameworks */ = {
			isa = PBXFrameworksBuildPhase;
			buildActionMask = 2147483647;
			files = (
			);
			runOnlyForDeploymentPostprocessing = 0;
		};
/* End PBXFrameworksBuildPhase section */

/* Begin PBXGroup section */
		89680DD7269D6B2E000EF2B3 = {
			isa = PBXGroup;
			children = (
				89680DE3269D6B2E000EF2B3 /* Reusable_framework */,
				89680DE2269D6B2E000EF2B3 /* Products */,
			);
			sourceTree = "<group>";
		};
		89680DE2269D6B2E000EF2B3 /* Products */ = {
			isa = PBXGroup;
			children = (
				89680DE1269D6B2E000EF2B3 /* Reusable_framework.framework */,
			);
			name = Products;
			sourceTree = "<group>";
		};
		89680DE3269D6B2E000EF2B3 /* Reusable_framework */ = {
			isa = PBXGroup;
			children = (
				89680DE4269D6B2E000EF2B3 /* Reusable_framework.h */,
				89680DE5269D6B2E000EF2B3 /* Info.plist */,
				89F720BE269E908600069875 /* ViewsExtension */,
				89F720BF269E90A000069875 /* Data_Types_Extension */,
			);
			path = Reusable_framework;
			sourceTree = "<group>";
		};
		89F720BE269E908600069875 /* ViewsExtension */ = {
			isa = PBXGroup;
			children = (
				89F720BA269E8EFF00069875 /* Reusable.swift */,
				89F720B7269E8CE100069875 /* NibLoadable.swift */,
				89F720B4269E8CCE00069875 /* UITableView+Reusable.swift */,
				89F720AE269E8C7700069875 /* StoryboardBased.swift */,
				89F720B1269E8CB000069875 /* UICollectionView+Reusable.swift */,
				89F7209F269E8B6200069875 /* UIImage+extension.swift */,
				89F72099269E8B2500069875 /* UITextField+extension.swift */,
				89F7206B269E82F900069875 /* UIView+extension.swift */,
				89F720A2269E8B7300069875 /* UIStackview+Extension.swift */,
				89F720A8269E8B9000069875 /* UITextView+extension.swift */,
			);
			path = ViewsExtension;
			sourceTree = "<group>";
		};
		89F720BF269E90A000069875 /* Data_Types_Extension */ = {
			isa = PBXGroup;
			children = (
				89F7209C269E8B3900069875 /* String+Extension.swift */,
				89F72096269E8B0900069875 /* Bundle+Extension.swift */,
				89F720A5269E8B8400069875 /* Int+Extension.swift */,
				89F720AB269E8BAA00069875 /* Date+extention.swift */,
				89F720C0269E90D300069875 /* Color+Extension.swift */,
			);
			path = Data_Types_Extension;
			sourceTree = "<group>";
		};
/* End PBXGroup section */

/* Begin PBXHeadersBuildPhase section */
		89680DDC269D6B2E000EF2B3 /* Headers */ = {
			isa = PBXHeadersBuildPhase;
			buildActionMask = 2147483647;
			files = (
				89680DE6269D6B2E000EF2B3 /* Reusable_framework.h in Headers */,
			);
			runOnlyForDeploymentPostprocessing = 0;
		};
/* End PBXHeadersBuildPhase section */

/* Begin PBXNativeTarget section */
		89680DE0269D6B2E000EF2B3 /* Reusable_framework */ = {
			isa = PBXNativeTarget;
			buildConfigurationList = 89680DE9269D6B2E000EF2B3 /* Build configuration list for PBXNativeTarget "Reusable_framework" */;
			buildPhases = (
				89680DDC269D6B2E000EF2B3 /* Headers */,
				89680DDD269D6B2E000EF2B3 /* Sources */,
				89680DDE269D6B2E000EF2B3 /* Frameworks */,
				89680DDF269D6B2E000EF2B3 /* Resources */,
			);
			buildRules = (
			);
			dependencies = (
			);
			name = Reusable_framework;
			productName = Reusable_framework;
			productReference = 89680DE1269D6B2E000EF2B3 /* Reusable_framework.framework */;
			productType = "com.apple.product-type.framework";
		};
/* End PBXNativeTarget section */

/* Begin PBXProject section */
		89680DD8269D6B2E000EF2B3 /* Project object */ = {
			isa = PBXProject;
			attributes = {
				LastUpgradeCheck = 1240;
				TargetAttributes = {
					89680DE0269D6B2E000EF2B3 = {
						CreatedOnToolsVersion = 12.4;
						LastSwiftMigration = 1240;
					};
				};
			};
			buildConfigurationList = 89680DDB269D6B2E000EF2B3 /* Build configuration list for PBXProject "Reusable_framework" */;
			compatibilityVersion = "Xcode 9.3";
			developmentRegion = en;
			hasScannedForEncodings = 0;
			knownRegions = (
				en,
				Base,
			);
			mainGroup = 89680DD7269D6B2E000EF2B3;
			productRefGroup = 89680DE2269D6B2E000EF2B3 /* Products */;
			projectDirPath = "";
			projectRoot = "";
			targets = (
				89680DE0269D6B2E000EF2B3 /* Reusable_framework */,
			);
		};
/* End PBXProject section */

/* Begin PBXResourcesBuildPhase section */
		89680DDF269D6B2E000EF2B3 /* Resources */ = {
			isa = PBXResourcesBuildPhase;
			buildActionMask = 2147483647;
			files = (
			);
			runOnlyForDeploymentPostprocessing = 0;
		};
/* End PBXResourcesBuildPhase section */

/* Begin PBXSourcesBuildPhase section */
		89680DDD269D6B2E000EF2B3 /* Sources */ = {
			isa = PBXSourcesBuildPhase;
			buildActionMask = 2147483647;
			files = (
				89F720A0269E8B6200069875 /* UIImage+extension.swift in Sources */,
				89F720C1269E90D300069875 /* Color+Extension.swift in Sources */,
				89F720A3269E8B7300069875 /* UIStackview+Extension.swift in Sources */,
				89F720B2269E8CB000069875 /* UICollectionView+Reusable.swift in Sources */,
				89F7209D269E8B3900069875 /* String+Extension.swift in Sources */,
				89F720B5269E8CCE00069875 /* UITableView+Reusable.swift in Sources */,
				89F720A9269E8B9000069875 /* UITextView+extension.swift in Sources */,
				89F720BB269E8EFF00069875 /* Reusable.swift in Sources */,
				89F720A6269E8B8400069875 /* Int+Extension.swift in Sources */,
				89F7206C269E82F900069875 /* UIView+extension.swift in Sources */,
				89F7209A269E8B2500069875 /* UITextField+extension.swift in Sources */,
				89F720AC269E8BAA00069875 /* Date+extention.swift in Sources */,
				89F720AF269E8C7700069875 /* StoryboardBased.swift in Sources */,
				89F720B8269E8CE100069875 /* NibLoadable.swift in Sources */,
				89F72097269E8B0A00069875 /* Bundle+Extension.swift in Sources */,
			);
			runOnlyForDeploymentPostprocessing = 0;
		};
/* End PBXSourcesBuildPhase section */

/* Begin XCBuildConfiguration section */
		89680DE7269D6B2E000EF2B3 /* Debug */ = {
			isa = XCBuildConfiguration;
			buildSettings = {
				ALWAYS_SEARCH_USER_PATHS = NO;
				CLANG_ANALYZER_NONNULL = YES;
				CLANG_ANALYZER_NUMBER_OBJECT_CONVERSION = YES_AGGRESSIVE;
				CLANG_CXX_LANGUAGE_STANDARD = "gnu++14";
				CLANG_CXX_LIBRARY = "libc++";
				CLANG_ENABLE_MODULES = YES;
				CLANG_ENABLE_OBJC_ARC = YES;
				CLANG_ENABLE_OBJC_WEAK = YES;
				CLANG_WARN_BLOCK_CAPTURE_AUTORELEASING = YES;
				CLANG_WARN_BOOL_CONVERSION = YES;
				CLANG_WARN_COMMA = YES;
				CLANG_WARN_CONSTANT_CONVERSION = YES;
				CLANG_WARN_DEPRECATED_OBJC_IMPLEMENTATIONS = YES;
				CLANG_WARN_DIRECT_OBJC_ISA_USAGE = YES_ERROR;
				CLANG_WARN_DOCUMENTATION_COMMENTS = YES;
				CLANG_WARN_EMPTY_BODY = YES;
				CLANG_WARN_ENUM_CONVERSION = YES;
				CLANG_WARN_INFINITE_RECURSION = YES;
				CLANG_WARN_INT_CONVERSION = YES;
				CLANG_WARN_NON_LITERAL_NULL_CONVERSION = YES;
				CLANG_WARN_OBJC_IMPLICIT_RETAIN_SELF = YES;
				CLANG_WARN_OBJC_LITERAL_CONVERSION = YES;
				CLANG_WARN_OBJC_ROOT_CLASS = YES_ERROR;
				CLANG_WARN_QUOTED_INCLUDE_IN_FRAMEWORK_HEADER = YES;
				CLANG_WARN_RANGE_LOOP_ANALYSIS = YES;
				CLANG_WARN_STRICT_PROTOTYPES = YES;
				CLANG_WARN_SUSPICIOUS_MOVE = YES;
				CLANG_WARN_UNGUARDED_AVAILABILITY = YES_AGGRESSIVE;
				CLANG_WARN_UNREACHABLE_CODE = YES;
				CLANG_WARN__DUPLICATE_METHOD_MATCH = YES;
				COPY_PHASE_STRIP = NO;
				CURRENT_PROJECT_VERSION = 1;
				DEBUG_INFORMATION_FORMAT = dwarf;
				ENABLE_STRICT_OBJC_MSGSEND = YES;
				ENABLE_TESTABILITY = YES;
				GCC_C_LANGUAGE_STANDARD = gnu11;
				GCC_DYNAMIC_NO_PIC = NO;
				GCC_NO_COMMON_BLOCKS = YES;
				GCC_OPTIMIZATION_LEVEL = 0;
				GCC_PREPROCESSOR_DEFINITIONS = (
					"DEBUG=1",
					"$(inherited)",
				);
				GCC_WARN_64_TO_32_BIT_CONVERSION = YES;
				GCC_WARN_ABOUT_RETURN_TYPE = YES_ERROR;
				GCC_WARN_UNDECLARED_SELECTOR = YES;
				GCC_WARN_UNINITIALIZED_AUTOS = YES_AGGRESSIVE;
				GCC_WARN_UNUSED_FUNCTION = YES;
				GCC_WARN_UNUSED_VARIABLE = YES;
				IPHONEOS_DEPLOYMENT_TARGET = 14.4;
				MTL_ENABLE_DEBUG_INFO = INCLUDE_SOURCE;
				MTL_FAST_MATH = YES;
				ONLY_ACTIVE_ARCH = YES;
				SDKROOT = iphoneos;
				SWIFT_ACTIVE_COMPILATION_CONDITIONS = DEBUG;
				SWIFT_OPTIMIZATION_LEVEL = "-Onone";
				VERSIONING_SYSTEM = "apple-generic";
				VERSION_INFO_PREFIX = "";
			};
			name = Debug;
		};
		89680DE8269D6B2E000EF2B3 /* Release */ = {
			isa = XCBuildConfiguration;
			buildSettings = {
				ALWAYS_SEARCH_USER_PATHS = NO;
				CLANG_ANALYZER_NONNULL = YES;
				CLANG_ANALYZER_NUMBER_OBJECT_CONVERSION = YES_AGGRESSIVE;
				CLANG_CXX_LANGUAGE_STANDARD = "gnu++14";
				CLANG_CXX_LIBRARY = "libc++";
				CLANG_ENABLE_MODULES = YES;
				CLANG_ENABLE_OBJC_ARC = YES;
				CLANG_ENABLE_OBJC_WEAK = YES;
				CLANG_WARN_BLOCK_CAPTURE_AUTORELEASING = YES;
				CLANG_WARN_BOOL_CONVERSION = YES;
				CLANG_WARN_COMMA = YES;
				CLANG_WARN_CONSTANT_CONVERSION = YES;
				CLANG_WARN_DEPRECATED_OBJC_IMPLEMENTATIONS = YES;
				CLANG_WARN_DIRECT_OBJC_ISA_USAGE = YES_ERROR;
				CLANG_WARN_DOCUMENTATION_COMMENTS = YES;
				CLANG_WARN_EMPTY_BODY = YES;
				CLANG_WARN_ENUM_CONVERSION = YES;
				CLANG_WARN_INFINITE_RECURSION = YES;
				CLANG_WARN_INT_CONVERSION = YES;
				CLANG_WARN_NON_LITERAL_NULL_CONVERSION = YES;
				CLANG_WARN_OBJC_IMPLICIT_RETAIN_SELF = YES;
				CLANG_WARN_OBJC_LITERAL_CONVERSION = YES;
				CLANG_WARN_OBJC_ROOT_CLASS = YES_ERROR;
				CLANG_WARN_QUOTED_INCLUDE_IN_FRAMEWORK_HEADER = YES;
				CLANG_WARN_RANGE_LOOP_ANALYSIS = YES;
				CLANG_WARN_STRICT_PROTOTYPES = YES;
				CLANG_WARN_SUSPICIOUS_MOVE = YES;
				CLANG_WARN_UNGUARDED_AVAILABILITY = YES_AGGRESSIVE;
				CLANG_WARN_UNREACHABLE_CODE = YES;
				CLANG_WARN__DUPLICATE_METHOD_MATCH = YES;
				COPY_PHASE_STRIP = NO;
				CURRENT_PROJECT_VERSION = 1;
				DEBUG_INFORMATION_FORMAT = "dwarf-with-dsym";
				ENABLE_NS_ASSERTIONS = NO;
				ENABLE_STRICT_OBJC_MSGSEND = YES;
				GCC_C_LANGUAGE_STANDARD = gnu11;
				GCC_NO_COMMON_BLOCKS = YES;
				GCC_WARN_64_TO_32_BIT_CONVERSION = YES;
				GCC_WARN_ABOUT_RETURN_TYPE = YES_ERROR;
				GCC_WARN_UNDECLARED_SELECTOR = YES;
				GCC_WARN_UNINITIALIZED_AUTOS = YES_AGGRESSIVE;
				GCC_WARN_UNUSED_FUNCTION = YES;
				GCC_WARN_UNUSED_VARIABLE = YES;
				IPHONEOS_DEPLOYMENT_TARGET = 14.4;
				MTL_ENABLE_DEBUG_INFO = NO;
				MTL_FAST_MATH = YES;
				SDKROOT = iphoneos;
				SWIFT_COMPILATION_MODE = wholemodule;
				SWIFT_OPTIMIZATION_LEVEL = "-O";
				VALIDATE_PRODUCT = YES;
				VERSIONING_SYSTEM = "apple-generic";
				VERSION_INFO_PREFIX = "";
			};
			name = Release;
		};
		89680DEA269D6B2E000EF2B3 /* Debug */ = {
			isa = XCBuildConfiguration;
			buildSettings = {
				CLANG_ENABLE_MODULES = YES;
				CODE_SIGN_STYLE = Automatic;
				DEFINES_MODULE = YES;
				DYLIB_COMPATIBILITY_VERSION = 1;
				DYLIB_CURRENT_VERSION = 1;
				DYLIB_INSTALL_NAME_BASE = "@rpath";
				INFOPLIST_FILE = Reusable_framework/Info.plist;
				INSTALL_PATH = "$(LOCAL_LIBRARY_DIR)/Frameworks";
				LD_RUNPATH_SEARCH_PATHS = (
					"$(inherited)",
					"@executable_path/Frameworks",
					"@loader_path/Frameworks",
				);
				PRODUCT_BUNDLE_IDENTIFIER = "com.sf.Reusable-framework";
				PRODUCT_NAME = "$(TARGET_NAME:c99extidentifier)";
				SKIP_INSTALL = YES;
				SWIFT_OPTIMIZATION_LEVEL = "-Onone";
				SWIFT_VERSION = 5.0;
				TARGETED_DEVICE_FAMILY = "1,2";
			};
			name = Debug;
		};
		89680DEB269D6B2E000EF2B3 /* Release */ = {
			isa = XCBuildConfiguration;
			buildSettings = {
				CLANG_ENABLE_MODULES = YES;
				CODE_SIGN_STYLE = Automatic;
				DEFINES_MODULE = YES;
				DYLIB_COMPATIBILITY_VERSION = 1;
				DYLIB_CURRENT_VERSION = 1;
				DYLIB_INSTALL_NAME_BASE = "@rpath";
				INFOPLIST_FILE = Reusable_framework/Info.plist;
				INSTALL_PATH = "$(LOCAL_LIBRARY_DIR)/Frameworks";
				LD_RUNPATH_SEARCH_PATHS = (
					"$(inherited)",
					"@executable_path/Frameworks",
					"@loader_path/Frameworks",
				);
				PRODUCT_BUNDLE_IDENTIFIER = "com.sf.Reusable-framework";
				PRODUCT_NAME = "$(TARGET_NAME:c99extidentifier)";
				SKIP_INSTALL = YES;
				SWIFT_VERSION = 5.0;
				TARGETED_DEVICE_FAMILY = "1,2";
			};
			name = Release;
		};
/* End XCBuildConfiguration section */

/* Begin XCConfigurationList section */
		89680DDB269D6B2E000EF2B3 /* Build configuration list for PBXProject "Reusable_framework" */ = {
			isa = XCConfigurationList;
			buildConfigurations = (
				89680DE7269D6B2E000EF2B3 /* Debug */,
				89680DE8269D6B2E000EF2B3 /* Release */,
			);
			defaultConfigurationIsVisible = 0;
			defaultConfigurationName = Release;
		};
		89680DE9269D6B2E000EF2B3 /* Build configuration list for PBXNativeTarget "Reusable_framework" */ = {
			isa = XCConfigurationList;
			buildConfigurations = (
				89680DEA269D6B2E000EF2B3 /* Debug */,
				89680DEB269D6B2E000EF2B3 /* Release */,
			);
			defaultConfigurationIsVisible = 0;
			defaultConfigurationName = Release;
		};
/* End XCConfigurationList section */
	};
	rootObject = 89680DD8269D6B2E000EF2B3 /* Project object */;
}
